{
  "name": "fraud",
  "version": "1.0.0",
  "lockfileVersion": 1,
  "requires": true,
  "dependencies": {
    "dotenv": {
      "version": "8.2.0",
      "resolved": "https://registry.npmjs.org/dotenv/-/dotenv-8.2.0.tgz",
      "integrity": "sha512-8sJ78ElpbDJBHNeBzUbUVLsqKdccaa/BXF1uPTw3GrvQTBgrQrtObr2mUrE38vzYd8cEv+m/JBfDLioYcfXoaw=="
    },
    "qs": {
      "version": "6.9.1",
      "resolved": "https://registry.npmjs.org/qs/-/qs-6.9.1.tgz",
      "integrity": "sha512-Cxm7/SS/y/Z3MHWSxXb8lIFqgqBowP5JMlTUFyJN88y0SGQhVmZnqFK/PeuMX9LzUyWsqqhNxIyg0jlzq946yA=="
    },
    "stripe": {
      "version": "7.15.0",
      "resolved": "https://registry.npmjs.org/stripe/-/stripe-7.15.0.tgz",
      "integrity": "sha512-TmouNGv1rIU7cgw7iFKjdQueJSwYKdPRPBuO7eNjrRliZUnsf2bpJqYe+n6ByarUJr38KmhLheVUxDyRawByPQ==",
      "requires": {
        "qs": "^6.6.0"
      }
    }
  }
}
